
Microsoft Visual Studio Solution File, Format Version 12.00
# Visual Studio 15
VisualStudioVersion = 15.0.27004.2002
MinimumVisualStudioVersion = 10.0.40219.1
Project("{FAE04EC0-301F-11D3-BF4B-00C04F79EFBC}") = "StudentApp", "StudentAppAdo\StudentApp.csproj", "{6413DD9B-D2AB-4E50-9050-6D16905BAFD7}"
EndProject
Global
	GlobalSection(SolutionConfigurationPlatforms) = preSolution
		Debug|Any CPU = Debug|Any CPU
		Release|Any CPU = Release|Any CPU
	EndGlobalSection
	GlobalSection(ProjectConfigurationPlatforms) = postSolution
		{6413DD9B-D2AB-4E50-9050-6D16905BAFD7}.Debug|Any CPU.ActiveCfg = Debug|Any CPU
		{6413DD9B-D2AB-4E50-9050-6D16905BAFD7}.Debug|Any CPU.Build.0 = Debug|Any CPU
		{6413DD9B-D2AB-4E50-9050-6D16905BAFD7}.Release|Any CPU.ActiveCfg = Release|Any CPU
		{6413DD9B-D2AB-4E50-9050-6D16905BAFD7}.Release|Any CPU.Build.0 = Release|Any CPU
	EndGlobalSection
	GlobalSection(SolutionProperties) = preSolution
		HideSolutionNode = FALSE
	EndGlobalSection
	GlobalSection(ExtensibilityGlobals) = postSolution
		SolutionGuid = {062F9492-49BA-458B-A14B-AC941D50F7E6}
	EndGlobalSection
EndGlobal
